// !$*UTF8*$!
{
	archiveVersion = 1;
	classes = {
	};
	objectVersion = 48;
	objects = {

/* Begin PBXBuildFile section */
		D52064BF208CD1BA00B0F954 /* Grid.swift in Sources */ = {isa = PBXBuildFile; fileRef = D52064BE208CD1BA00B0F954 /* Grid.swift */; };
		D52064C1208CDA8700B0F954 /* SetMainViewController.swift in Sources */ = {isa = PBXBuildFile; fileRef = D52064C0208CDA8700B0F954 /* SetMainViewController.swift */; };
		D554B7732073F379002F330E /* SetCardView.swift in Sources */ = {isa = PBXBuildFile; fileRef = D554B7722073F379002F330E /* SetCardView.swift */; };
		D55C3E8D202773B800A4C57E /* AppDelegate.swift in Sources */ = {isa = PBXBuildFile; fileRef = D55C3E8C202773B800A4C57E /* AppDelegate.swift */; };
		D55C3E92202773B800A4C57E /* Main.storyboard in Resources */ = {isa = PBXBuildFile; fileRef = D55C3E90202773B800A4C57E /* Main.storyboard */; };
		D55C3E94202773B800A4C57E /* Assets.xcassets in Resources */ = {isa = PBXBuildFile; fileRef = D55C3E93202773B800A4C57E /* Assets.xcassets */; };
		D55C3E97202773B800A4C57E /* LaunchScreen.storyboard in Resources */ = {isa = PBXBuildFile; fileRef = D55C3E95202773B800A4C57E /* LaunchScreen.storyboard */; };
		D55C3EA02027772800A4C57E /* Card.swift in Sources */ = {isa = PBXBuildFile; fileRef = D55C3E9F2027772800A4C57E /* Card.swift */; };
		D55C3EA22027872C00A4C57E /* SetGame.swift in Sources */ = {isa = PBXBuildFile; fileRef = D55C3EA12027872C00A4C57E /* SetGame.swift */; };
/* End PBXBuildFile section */

/* Begin PBXFileReference section */
		D52064BE208CD1BA00B0F954 /* Grid.swift */ = {isa = PBXFileReference; fileEncoding = 4; lastKnownFileType = sourcecode.swift; path = Grid.swift; sourceTree = "<group>"; };
		D52064C0208CDA8700B0F954 /* SetMainViewController.swift */ = {isa = PBXFileReference; lastKnownFileType = sourcecode.swift; path = SetMainViewController.swift; sourceTree = "<group>"; };
		D554B7722073F379002F330E /* SetCardView.swift */ = {isa = PBXFileReference; lastKnownFileType = sourcecode.swift; path = SetCardView.swift; sourceTree = "<group>"; };
		D55C3E89202773B800A4C57E /* Set.app */ = {isa = PBXFileReference; explicitFileType = wrapper.application; includeInIndex = 0; path = Set.app; sourceTree = BUILT_PRODUCTS_DIR; };
		D55C3E8C202773B800A4C57E /* AppDelegate.swift */ = {isa = PBXFileReference; lastKnownFileType = sourcecode.swift; path = AppDelegate.swift; sourceTree = "<group>"; };
		D55C3E91202773B800A4C57E /* Base */ = {isa = PBXFileReference; lastKnownFileType = file.storyboard; name = Base; path = Base.lproj/Main.storyboard; sourceTree = "<group>"; };
		D55C3E93202773B800A4C57E /* Assets.xcassets */ = {isa = PBXFileReference; lastKnownFileType = folder.assetcatalog; path = Assets.xcassets; sourceTree = "<group>"; };
		D55C3E96202773B800A4C57E /* Base */ = {isa = PBXFileReference; lastKnownFileType = file.storyboard; name = Base; path = Base.lproj/LaunchScreen.storyboard; sourceTree = "<group>"; };
		D55C3E98202773B800A4C57E /* Info.plist */ = {isa = PBXFileReference; lastKnownFileType = text.plist.xml; path = Info.plist; sourceTree = "<group>"; };
		D55C3E9F2027772800A4C57E /* Card.swift */ = {isa = PBXFileReference; lastKnownFileType = sourcecode.swift; path = Card.swift; sourceTree = "<group>"; };
		D55C3EA12027872C00A4C57E /* SetGame.swift */ = {isa = PBXFileReference; lastKnownFileType = sourcecode.swift; path = SetGame.swift; sourceTree = "<group>"; };
/* End PBXFileReference section */

/* Begin PBXFrameworksBuildPhase section */
		D55C3E86202773B800A4C57E /* Frameworks */ = {
			isa = PBXFrameworksBuildPhase;
			buildActionMask = 2147483647;
			files = (
			);
			runOnlyForDeploymentPostprocessing = 0;
		};
/* End PBXFrameworksBuildPhase section */

/* Begin PBXGroup section */
		D55C3E80202773B800A4C57E = {
			isa = PBXGroup;
			children = (
				D55C3E8B202773B800A4C57E /* Set */,
				D55C3E8A202773B800A4C57E /* Products */,
			);
			sourceTree = "<group>";
		};
		D55C3E8A202773B800A4C57E /* Products */ = {
			isa = PBXGroup;
			children = (
				D55C3E89202773B800A4C57E /* Set.app */,
			);
			name = Products;
			sourceTree = "<group>";
		};
		D55C3E8B202773B800A4C57E /* Set */ = {
			isa = PBXGroup;
			children = (
				D55C3E90202773B800A4C57E /* Main.storyboard */,
				D55C3E98202773B800A4C57E /* Info.plist */,
				D55C3E9E202776F200A4C57E /* Supporting Files */,
				D55C3E9F2027772800A4C57E /* Card.swift */,
				D55C3EA12027872C00A4C57E /* SetGame.swift */,
				D554B7722073F379002F330E /* SetCardView.swift */,
				D52064C0208CDA8700B0F954 /* SetMainViewController.swift */,
			);
			path = Set;
			sourceTree = "<group>";
		};
		D55C3E9E202776F200A4C57E /* Supporting Files */ = {
			isa = PBXGroup;
			children = (
				D52064BE208CD1BA00B0F954 /* Grid.swift */,
				D55C3E8C202773B800A4C57E /* AppDelegate.swift */,
				D55C3E93202773B800A4C57E /* Assets.xcassets */,
				D55C3E95202773B800A4C57E /* LaunchScreen.storyboard */,
			);
			path = "Supporting Files";
			sourceTree = "<group>";
		};
/* End PBXGroup section */

/* Begin PBXNativeTarget section */
		D55C3E88202773B800A4C57E /* Set */ = {
			isa = PBXNativeTarget;
			buildConfigurationList = D55C3E9B202773B800A4C57E /* Build configuration list for PBXNativeTarget "Set" */;
			buildPhases = (
				D55C3E85202773B800A4C57E /* Sources */,
				D55C3E86202773B800A4C57E /* Frameworks */,
				D55C3E87202773B800A4C57E /* Resources */,
			);
			buildRules = (
			);
			dependencies = (
			);
			name = Set;
			productName = Set;
			productReference = D55C3E89202773B800A4C57E /* Set.app */;
			productType = "com.apple.product-type.application";
		};
/* End PBXNativeTarget section */

/* Begin PBXProject section */
		D55C3E81202773B800A4C57E /* Project object */ = {
			isa = PBXProject;
			attributes = {
				LastSwiftUpdateCheck = 0920;
				LastUpgradeCheck = 0930;
				ORGANIZATIONNAME = "LUXio IT-Solutions";
				TargetAttributes = {
					D55C3E88202773B800A4C57E = {
						CreatedOnToolsVersion = 9.2;
						ProvisioningStyle = Automatic;
					};
				};
			};
			buildConfigurationList = D55C3E84202773B800A4C57E /* Build configuration list for PBXProject "Set" */;
			compatibilityVersion = "Xcode 8.0";
			developmentRegion = en;
			hasScannedForEncodings = 0;
			knownRegions = (
				en,
				Base,
			);
			mainGroup = D55C3E80202773B800A4C57E;
			productRefGroup = D55C3E8A202773B800A4C57E /* Products */;
			projectDirPath = "";
			projectRoot = "";
			targets = (
				D55C3E88202773B800A4C57E /* Set */,
			);
		};
/* End PBXProject section */

/* Begin PBXResourcesBuildPhase section */
		D55C3E87202773B800A4C57E /* Resources */ = {
			isa = PBXResourcesBuildPhase;
			buildActionMask = 2147483647;
			files = (
				D55C3E97202773B800A4C57E /* LaunchScreen.storyboard in Resources */,
				D55C3E94202773B800A4C57E /* Assets.xcassets in Resources */,
				D55C3E92202773B800A4C57E /* Main.storyboard in Resources */,
			);
			runOnlyForDeploymentPostprocessing = 0;
		};
/* End PBXResourcesBuildPhase section */

/* Begin PBXSourcesBuildPhase section */
		D55C3E85202773B800A4C57E /* Sources */ = {
			isa = PBXSourcesBuildPhase;
			buildActionMask = 2147483647;
			files = (
				D55C3EA22027872C00A4C57E /* SetGame.swift in Sources */,
				D52064C1208CDA8700B0F954 /* SetMainViewController.swift in Sources */,
				D554B7732073F379002F330E /* SetCardView.swift in Sources */,
				D55C3EA02027772800A4C57E /* Card.swift in Sources */,
				D55C3E8D202773B800A4C57E /* AppDelegate.swift in Sources */,
				D52064BF208CD1BA00B0F954 /* Grid.swift in Sources */,
			);
			runOnlyForDeploymentPostprocessing = 0;
		};
/* End PBXSourcesBuildPhase section */

/* Begin PBXVariantGroup section */
		D55C3E90202773B800A4C57E /* Main.storyboard */ = {
			isa = PBXVariantGroup;
			children = (
				D55C3E91202773B800A4C57E /* Base */,
			);
			name = Main.storyboard;
			sourceTree = "<group>";
		};
		D55C3E95202773B800A4C57E /* LaunchScreen.storyboard */ = {
			isa = PBXVariantGroup;
			children = (
				D55C3E96202773B800A4C57E /* Base */,
			);
			name = LaunchScreen.storyboard;
			sourceTree = "<group>";
		};
/* End PBXVariantGroup section */

/* Begin XCBuildConfiguration section */
		D55C3E99202773B800A4C57E /* Debug */ = {
			isa = XCBuildConfiguration;
			buildSettings = {
				ALWAYS_SEARCH_USER_PATHS = NO;
				CLANG_ANALYZER_NONNULL = YES;
				CLANG_ANALYZER_NUMBER_OBJECT_CONVERSION = YES_AGGRESSIVE;
				CLANG_CXX_LANGUAGE_STANDARD = "gnu++14";
				CLANG_CXX_LIBRARY = "libc++";
				CLANG_ENABLE_MODULES = YES;
				CLANG_ENABLE_OBJC_ARC = YES;
				CLANG_WARN_BLOCK_CAPTURE_AUTORELEASING = YES;
				CLANG_WARN_BOOL_CONVERSION = YES;
				CLANG_WARN_COMMA = YES;
				CLANG_WARN_CONSTANT_CONVERSION = YES;
				CLANG_WARN_DEPRECATED_OBJC_IMPLEMENTATIONS = YES;
				CLANG_WARN_DIRECT_OBJC_ISA_USAGE = YES_ERROR;
				CLANG_WARN_DOCUMENTATION_COMMENTS = YES;
				CLANG_WARN_EMPTY_BODY = YES;
				CLANG_WARN_ENUM_CONVERSION = YES;
				CLANG_WARN_INFINITE_RECURSION = YES;
				CLANG_WARN_INT_CONVERSION = YES;
				CLANG_WARN_NON_LITERAL_NULL_CONVERSION = YES;
				CLANG_WARN_OBJC_IMPLICIT_RETAIN_SELF = YES;
				CLANG_WARN_OBJC_LITERAL_CONVERSION = YES;
				CLANG_WARN_OBJC_ROOT_CLASS = YES_ERROR;
				CLANG_WARN_RANGE_LOOP_ANALYSIS = YES;
				CLANG_WARN_STRICT_PROTOTYPES = YES;
				CLANG_WARN_SUSPICIOUS_MOVE = YES;
				CLANG_WARN_UNGUARDED_AVAILABILITY = YES_AGGRESSIVE;
				CLANG_WARN_UNREACHABLE_CODE = YES;
				CLANG_WARN__DUPLICATE_METHOD_MATCH = YES;
				CODE_SIGN_IDENTITY = "iPhone Developer";
				COPY_PHASE_STRIP = NO;
				DEBUG_INFORMATION_FORMAT = dwarf;
				ENABLE_STRICT_OBJC_MSGSEND = YES;
				ENABLE_TESTABILITY = YES;
				GCC_C_LANGUAGE_STANDARD = gnu11;
				GCC_DYNAMIC_NO_PIC = NO;
				GCC_NO_COMMON_BLOCKS = YES;
				GCC_OPTIMIZATION_LEVEL = 0;
				GCC_PREPROCESSOR_DEFINITIONS = (
					"DEBUG=1",
					"$(inherited)",
				);
				GCC_WARN_64_TO_32_BIT_CONVERSION = YES;
				GCC_WARN_ABOUT_RETURN_TYPE = YES_ERROR;
				GCC_WARN_UNDECLARED_SELECTOR = YES;
				GCC_WARN_UNINITIALIZED_AUTOS = YES_AGGRESSIVE;
				GCC_WARN_UNUSED_FUNCTION = YES;
				GCC_WARN_UNUSED_VARIABLE = YES;
				IPHONEOS_DEPLOYMENT_TARGET = 11.2;
				MTL_ENABLE_DEBUG_INFO = YES;
				ONLY_ACTIVE_ARCH = YES;
				SDKROOT = iphoneos;
				SWIFT_ACTIVE_COMPILATION_CONDITIONS = DEBUG;
				SWIFT_OPTIMIZATION_LEVEL = "-Onone";
			};
			name = Debug;
		};
		D55C3E9A202773B800A4C57E /* Release */ = {
			isa = XCBuildConfiguration;
			buildSettings = {
				ALWAYS_SEARCH_USER_PATHS = NO;
				CLANG_ANALYZER_NONNULL = YES;
				CLANG_ANALYZER_NUMBER_OBJECT_CONVERSION = YES_AGGRESSIVE;
				CLANG_CXX_LANGUAGE_STANDARD = "gnu++14";
				CLANG_CXX_LIBRARY = "libc++";
				CLANG_ENABLE_MODULES = YES;
				CLANG_ENABLE_OBJC_ARC = YES;
				CLANG_WARN_BLOCK_CAPTURE_AUTORELEASING = YES;
				CLANG_WARN_BOOL_CONVERSION = YES;
				CLANG_WARN_COMMA = YES;
				CLANG_WARN_CONSTANT_CONVERSION = YES;
				CLANG_WARN_DEPRECATED_OBJC_IMPLEMENTATIONS = YES;
				CLANG_WARN_DIRECT_OBJC_ISA_USAGE = YES_ERROR;
				CLANG_WARN_DOCUMENTATION_COMMENTS = YES;
				CLANG_WARN_EMPTY_BODY = YES;
				CLANG_WARN_ENUM_CONVERSION = YES;
				CLANG_WARN_INFINITE_RECURSION = YES;
				CLANG_WARN_INT_CONVERSION = YES;
				CLANG_WARN_NON_LITERAL_NULL_CONVERSION = YES;
				CLANG_WARN_OBJC_IMPLICIT_RETAIN_SELF = YES;
				CLANG_WARN_OBJC_LITERAL_CONVERSION = YES;
				CLANG_WARN_OBJC_ROOT_CLASS = YES_ERROR;
				CLANG_WARN_RANGE_LOOP_ANALYSIS = YES;
				CLANG_WARN_STRICT_PROTOTYPES = YES;
				CLANG_WARN_SUSPICIOUS_MOVE = YES;
				CLANG_WARN_UNGUARDED_AVAILABILITY = YES_AGGRESSIVE;
				CLANG_WARN_UNREACHABLE_CODE = YES;
				CLANG_WARN__DUPLICATE_METHOD_MATCH = YES;
				CODE_SIGN_IDENTITY = "iPhone Developer";
				COPY_PHASE_STRIP = NO;
				DEBUG_INFORMATION_FORMAT = "dwarf-with-dsym";
				ENABLE_NS_ASSERTIONS = NO;
				ENABLE_STRICT_OBJC_MSGSEND = YES;
				GCC_C_LANGUAGE_STANDARD = gnu11;
				GCC_NO_COMMON_BLOCKS = YES;
				GCC_WARN_64_TO_32_BIT_CONVERSION = YES;
				GCC_WARN_ABOUT_RETURN_TYPE = YES_ERROR;
				GCC_WARN_UNDECLARED_SELECTOR = YES;
				GCC_WARN_UNINITIALIZED_AUTOS = YES_AGGRESSIVE;
				GCC_WARN_UNUSED_FUNCTION = YES;
				GCC_WARN_UNUSED_VARIABLE = YES;
				IPHONEOS_DEPLOYMENT_TARGET = 11.2;
				MTL_ENABLE_DEBUG_INFO = NO;
				SDKROOT = iphoneos;
				SWIFT_OPTIMIZATION_LEVEL = "-Owholemodule";
				VALIDATE_PRODUCT = YES;
			};
			name = Release;
		};
		D55C3E9C202773B800A4C57E /* Debug */ = {
			isa = XCBuildConfiguration;
			buildSettings = {
				ASSETCATALOG_COMPILER_APPICON_NAME = AppIcon;
				CODE_SIGN_STYLE = Automatic;
				DEVELOPMENT_TEAM = 24B9N35YSF;
				INFOPLIST_FILE = Set/Info.plist;
				LD_RUNPATH_SEARCH_PATHS = "$(inherited) @executable_path/Frameworks";
				PRODUCT_BUNDLE_IDENTIFIER = io.lux.Set;
				PRODUCT_NAME = "$(TARGET_NAME)";
				SWIFT_VERSION = 4.0;
				TARGETED_DEVICE_FAMILY = 1;
			};
			name = Debug;
		};
		D55C3E9D202773B800A4C57E /* Release */ = {
			isa = XCBuildConfiguration;
			buildSettings = {
				ASSETCATALOG_COMPILER_APPICON_NAME = AppIcon;
				CODE_SIGN_STYLE = Automatic;
				DEVELOPMENT_TEAM = 24B9N35YSF;
				INFOPLIST_FILE = Set/Info.plist;
				LD_RUNPATH_SEARCH_PATHS = "$(inherited) @executable_path/Frameworks";
				PRODUCT_BUNDLE_IDENTIFIER = io.lux.Set;
				PRODUCT_NAME = "$(TARGET_NAME)";
				SWIFT_VERSION = 4.0;
				TARGETED_DEVICE_FAMILY = 1;
			};
			name = Release;
		};
/* End XCBuildConfiguration section */

/* Begin XCConfigurationList section */
		D55C3E84202773B800A4C57E /* Build configuration list for PBXProject "Set" */ = {
			isa = XCConfigurationList;
			buildConfigurations = (
				D55C3E99202773B800A4C57E /* Debug */,
				D55C3E9A202773B800A4C57E /* Release */,
			);
			defaultConfigurationIsVisible = 0;
			defaultConfigurationName = Release;
		};
		D55C3E9B202773B800A4C57E /* Build configuration list for PBXNativeTarget "Set" */ = {
			isa = XCConfigurationList;
			buildConfigurations = (
				D55C3E9C202773B800A4C57E /* Debug */,
				D55C3E9D202773B800A4C57E /* Release */,
			);
			defaultConfigurationIsVisible = 0;
			defaultConfigurationName = Release;
		};
/* End XCConfigurationList section */
	};
	rootObject = D55C3E81202773B800A4C57E /* Project object */;
}
